
Microsoft Visual Studio Solution File, Format Version 11.00
# Visual Studio 2010
Project("{8BC9CEB8-8B4A-11D0-8D11-00A0C91BC942}") = "z80.core", "z80.core.vcxproj", "{C4E02F4C-D7BC-493F-8DFF-8772B9B4B230}"
EndProject
Global
	GlobalSection(SolutionConfigurationPlatforms) = preSolution
		Debug|Win32 = Debug|Win32
		Release|Win32 = Release|Win32
	EndGlobalSection
	GlobalSection(ProjectConfigurationPlatforms) = postSolution
		{C4E02F4C-D7BC-493F-8DFF-8772B9B4B230}.Debug|Win32.ActiveCfg = Debug|Win32
		{C4E02F4C-D7BC-493F-8DFF-8772B9B4B230}.Debug|Win32.Build.0 = Debug|Win32
		{C4E02F4C-D7BC-493F-8DFF-8772B9B4B230}.Release|Win32.ActiveCfg = Release|Win32
		{C4E02F4C-D7BC-493F-8DFF-8772B9B4B230}.Release|Win32.Build.0 = Release|Win32
	EndGlobalSection
	GlobalSection(SolutionProperties) = preSolution
		HideSolutionNode = FALSE
	EndGlobalSection
EndGlobal
